
Microsoft Visual Studio Solution File, Format Version 12.00
# Visual Studio Version 16
VisualStudioVersion = 16.0.31112.23
MinimumVisualStudioVersion = 10.0.40219.1
Project("{9A19103F-16F7-4668-BE54-9A1E7A4F7556}") = "HRApp", "HRApp\HRApp.csproj", "{108EA501-D6CF-4298-A1E0-75CDB54BDFF7}"
EndProject
Project("{9A19103F-16F7-4668-BE54-9A1E7A4F7556}") = "HR.DAL", "HR.DAL\HR.DAL.csproj", "{F1B99F08-E1DF-419A-9CDC-84486622181A}"
EndProject
Project("{9A19103F-16F7-4668-BE54-9A1E7A4F7556}") = "HR.BLL", "HR.BLL\HR.BLL.csproj", "{7C86BF3E-76C8-4508-976A-D59B9CA09531}"
EndProject
Project("{9A19103F-16F7-4668-BE54-9A1E7A4F7556}") = "HR.Tables", "HR.Tables\HR.Tables.csproj", "{D0B2A56A-D7C1-45A8-BE11-F21223EBF41D}"
EndProject
Project("{9A19103F-16F7-4668-BE54-9A1E7A4F7556}") = "HR.Common", "HR.Common\HR.Common.csproj", "{D6E1F74C-1486-40C0-A522-E458CC3B10D8}"
EndProject
Project("{FAE04EC0-301F-11D3-BF4B-00C04F79EFBC}") = "HR.Static", "HR.Static\HR.Static.csproj", "{974EC05D-EC72-427C-9752-8C06384C903F}"
EndProject
Global
	GlobalSection(SolutionConfigurationPlatforms) = preSolution
		Debug|Any CPU = Debug|Any CPU
		Release|Any CPU = Release|Any CPU
	EndGlobalSection
	GlobalSection(ProjectConfigurationPlatforms) = postSolution
		{108EA501-D6CF-4298-A1E0-75CDB54BDFF7}.Debug|Any CPU.ActiveCfg = Debug|Any CPU
		{108EA501-D6CF-4298-A1E0-75CDB54BDFF7}.Debug|Any CPU.Build.0 = Debug|Any CPU
		{108EA501-D6CF-4298-A1E0-75CDB54BDFF7}.Release|Any CPU.ActiveCfg = Release|Any CPU
		{108EA501-D6CF-4298-A1E0-75CDB54BDFF7}.Release|Any CPU.Build.0 = Release|Any CPU
		{F1B99F08-E1DF-419A-9CDC-84486622181A}.Debug|Any CPU.ActiveCfg = Debug|Any CPU
		{F1B99F08-E1DF-419A-9CDC-84486622181A}.Debug|Any CPU.Build.0 = Debug|Any CPU
		{F1B99F08-E1DF-419A-9CDC-84486622181A}.Release|Any CPU.ActiveCfg = Release|Any CPU
		{F1B99F08-E1DF-419A-9CDC-84486622181A}.Release|Any CPU.Build.0 = Release|Any CPU
		{7C86BF3E-76C8-4508-976A-D59B9CA09531}.Debug|Any CPU.ActiveCfg = Debug|Any CPU
		{7C86BF3E-76C8-4508-976A-D59B9CA09531}.Debug|Any CPU.Build.0 = Debug|Any CPU
		{7C86BF3E-76C8-4508-976A-D59B9CA09531}.Release|Any CPU.ActiveCfg = Release|Any CPU
		{7C86BF3E-76C8-4508-976A-D59B9CA09531}.Release|Any CPU.Build.0 = Release|Any CPU
		{D0B2A56A-D7C1-45A8-BE11-F21223EBF41D}.Debug|Any CPU.ActiveCfg = Debug|Any CPU
		{D0B2A56A-D7C1-45A8-BE11-F21223EBF41D}.Debug|Any CPU.Build.0 = Debug|Any CPU
		{D0B2A56A-D7C1-45A8-BE11-F21223EBF41D}.Release|Any CPU.ActiveCfg = Release|Any CPU
		{D0B2A56A-D7C1-45A8-BE11-F21223EBF41D}.Release|Any CPU.Build.0 = Release|Any CPU
		{D6E1F74C-1486-40C0-A522-E458CC3B10D8}.Debug|Any CPU.ActiveCfg = Debug|Any CPU
		{D6E1F74C-1486-40C0-A522-E458CC3B10D8}.Debug|Any CPU.Build.0 = Debug|Any CPU
		{D6E1F74C-1486-40C0-A522-E458CC3B10D8}.Release|Any CPU.ActiveCfg = Release|Any CPU
		{D6E1F74C-1486-40C0-A522-E458CC3B10D8}.Release|Any CPU.Build.0 = Release|Any CPU
		{974EC05D-EC72-427C-9752-8C06384C903F}.Debug|Any CPU.ActiveCfg = Debug|Any CPU
		{974EC05D-EC72-427C-9752-8C06384C903F}.Debug|Any CPU.Build.0 = Debug|Any CPU
		{974EC05D-EC72-427C-9752-8C06384C903F}.Release|Any CPU.ActiveCfg = Release|Any CPU
		{974EC05D-EC72-427C-9752-8C06384C903F}.Release|Any CPU.Build.0 = Release|Any CPU
	EndGlobalSection
	GlobalSection(SolutionProperties) = preSolution
		HideSolutionNode = FALSE
	EndGlobalSection
	GlobalSection(ExtensibilityGlobals) = postSolution
		SolutionGuid = {26ADA7BD-382F-4436-9C3A-0266F3C74CFB}
	EndGlobalSection
EndGlobal
